
Microsoft Visual Studio Solution File, Format Version 12.00
# Visual Studio 15
VisualStudioVersion = 15.0.26430.16
MinimumVisualStudioVersion = 10.0.40219.1
Project("{FAE04EC0-301F-11D3-BF4B-00C04F79EFBC}") = "Launchpad", "Launchpad\Launchpad.csproj", "{8D89450E-76B2-40EE-8DE8-D8410786389E}"
EndProject
Global
	GlobalSection(SolutionConfigurationPlatforms) = preSolution
		Debug|Any CPU = Debug|Any CPU
		Release|Any CPU = Release|Any CPU
	EndGlobalSection
	GlobalSection(ProjectConfigurationPlatforms) = postSolution
		{8D89450E-76B2-40EE-8DE8-D8410786389E}.Debug|Any CPU.ActiveCfg = Debug|Any CPU
		{8D89450E-76B2-40EE-8DE8-D8410786389E}.Debug|Any CPU.Build.0 = Debug|Any CPU
		{8D89450E-76B2-40EE-8DE8-D8410786389E}.Release|Any CPU.ActiveCfg = Release|Any CPU
		{8D89450E-76B2-40EE-8DE8-D8410786389E}.Release|Any CPU.Build.0 = Release|Any CPU
	EndGlobalSection
	GlobalSection(SolutionProperties) = preSolution
		HideSolutionNode = FALSE
	EndGlobalSection
EndGlobal
